<?xml version="1.0" encoding="utf-8"?>
<Project ToolsVersion="4.0" xmlns="http://schemas.microsoft.com/developer/msbuild/2003">
  <ItemGroup>
    <ClInclude Include="sourceCode\cim_pch.h" />
    <ClInclude Include="sourceCode\Logging\log.h" />
    <ClInclude Include="sourceCode\Logging\Timer.h" />
    <ClInclude Include="sourceCode\External\spdlog\async.h" />
    <ClInclude Include="sourceCode\External\spdlog\async_logger.h" />
    <ClInclude Include="sourceCode\External\spdlog\async_logger-inl.h" />
    <ClInclude Include="sourceCode\External\spdlog\common.h" />
    <ClInclude Include="sourceCode\External\spdlog\common-inl.h" />
    <ClInclude Include="sourceCode\External\spdlog\formatter.h" />
    <ClInclude Include="sourceCode\External\spdlog\fwd.h" />
    <ClInclude Include="sourceCode\External\spdlog\logger.h" />
    <ClInclude Include="sourceCode\External\spdlog\logger-inl.h" />
    <ClInclude Include="sourceCode\External\spdlog\pattern_formatter.h" />
    <ClInclude Include="sourceCode\External\spdlog\pattern_formatter-inl.h" />
    <ClInclude Include="sourceCode\External\spdlog\spdlog.h" />
    <ClInclude Include="sourceCode\External\spdlog\spdlog-inl.h" />
    <ClInclude Include="sourceCode\External\spdlog\stopwatch.h" />
    <ClInclude Include="sourceCode\External\spdlog\tweakme.h" />
    <ClInclude Include="sourceCode\External\spdlog\version.h" />
    <ClInclude Include="sourceCode\External\spdlog\sinks\android_sink.h" />
    <ClInclude Include="sourceCode\External\spdlog\sinks\ansicolor_sink.h" />
    <ClInclude Include="sourceCode\External\spdlog\sinks\ansicolor_sink-inl.h" />
    <ClInclude Include="sourceCode\External\spdlog\sinks\base_sink.h" />
    <ClInclude Include="sourceCode\External\spdlog\sinks\base_sink-inl.h" />
    <ClInclude Include="sourceCode\External\spdlog\sinks\basic_file_sink.h" />
    <ClInclude Include="sourceCode\External\spdlog\sinks\basic_file_sink-inl.h" />
    <ClInclude Include="sourceCode\External\spdlog\sinks\daily_file_sink.h" />
    <ClInclude Include="sourceCode\External\spdlog\sinks\dist_sink.h" />
    <ClInclude Include="sourceCode\External\spdlog\sinks\dup_filter_sink.h" />
    <ClInclude Include="sourceCode\External\spdlog\sinks\hourly_file_sink.h" />
    <ClInclude Include="sourceCode\External\spdlog\sinks\mongo_sink.h" />
    <ClInclude Include="sourceCode\External\spdlog\sinks\msvc_sink.h" />
    <ClInclude Include="sourceCode\External\spdlog\sinks\null_sink.h" />
    <ClInclude Include="sourceCode\External\spdlog\sinks\ostream_sink.h" />
    <ClInclude Include="sourceCode\External\spdlog\sinks\qt_sinks.h" />
    <ClInclude Include="sourceCode\External\spdlog\sinks\ringbuffer_sink.h" />
    <ClInclude Include="sourceCode\External\spdlog\sinks\rotating_file_sink.h" />
    <ClInclude Include="sourceCode\External\spdlog\sinks\rotating_file_sink-inl.h" />
    <ClInclude Include="sourceCode\External\spdlog\sinks\sink.h" />
    <ClInclude Include="sourceCode\External\spdlog\sinks\sink-inl.h" />
    <ClInclude Include="sourceCode\External\spdlog\sinks\stdout_color_sinks.h" />
    <ClInclude Include="sourceCode\External\spdlog\sinks\stdout_color_sinks-inl.h" />
    <ClInclude Include="sourceCode\External\spdlog\sinks\stdout_sinks.h" />
    <ClInclude Include="sourceCode\External\spdlog\sinks\stdout_sinks-inl.h" />
    <ClInclude Include="sourceCode\External\spdlog\sinks\syslog_sink.h" />
    <ClInclude Include="sourceCode\External\spdlog\sinks\systemd_sink.h" />
    <ClInclude Include="sourceCode\External\spdlog\sinks\tcp_sink.h" />
    <ClInclude Include="sourceCode\External\spdlog\sinks\win_eventlog_sink.h" />
    <ClInclude Include="sourceCode\External\spdlog\sinks\wincolor_sink.h" />
    <ClInclude Include="sourceCode\External\spdlog\sinks\wincolor_sink-inl.h" />
    <ClInclude Include="sourceCode\External\spdlog\fmt\bin_to_hex.h" />
    <ClInclude Include="sourceCode\External\spdlog\fmt\chrono.h" />
    <ClInclude Include="sourceCode\External\spdlog\fmt\compile.h" />
    <ClInclude Include="sourceCode\External\spdlog\fmt\fmt.h" />
    <ClInclude Include="sourceCode\External\spdlog\fmt\ostr.h" />
    <ClInclude Include="sourceCode\External\spdlog\fmt\xchar.h" />
    <ClInclude Include="sourceCode\External\spdlog\fmt\bundled\args.h" />
    <ClInclude Include="sourceCode\External\spdlog\fmt\bundled\chrono.h" />
    <ClInclude Include="sourceCode\External\spdlog\fmt\bundled\color.h" />
    <ClInclude Include="sourceCode\External\spdlog\fmt\bundled\compile.h" />
    <ClInclude Include="sourceCode\External\spdlog\fmt\bundled\core.h" />
    <ClInclude Include="sourceCode\External\spdlog\fmt\bundled\format.h" />
    <ClInclude Include="sourceCode\External\spdlog\fmt\bundled\format-inl.h" />
    <ClInclude Include="sourceCode\External\spdlog\fmt\bundled\locale.h" />
    <ClInclude Include="sourceCode\External\spdlog\fmt\bundled\os.h" />
    <ClInclude Include="sourceCode\External\spdlog\fmt\bundled\ostream.h" />
    <ClInclude Include="sourceCode\External\spdlog\fmt\bundled\printf.h" />
    <ClInclude Include="sourceCode\External\spdlog\fmt\bundled\ranges.h" />
    <ClInclude Include="sourceCode\External\spdlog\fmt\bundled\xchar.h" />
    <ClInclude Include="sourceCode\External\spdlog\cfg\argv.h" />
    <ClInclude Include="sourceCode\External\spdlog\cfg\env.h" />
    <ClInclude Include="sourceCode\External\spdlog\cfg\helpers.h" />
    <ClInclude Include="sourceCode\External\spdlog\cfg\helpers-inl.h" />
    <ClInclude Include="sourceCode\ServerInstance.h" />
    <ClInclude Include="sourceCode\ConfigParser\ConfigurationLoader.h" />
    <ClInclude Include="sourceCode\Enumerations\ClientEnumeration.h" />
    <ClInclude Include="sourceCode\Enumerations\MapEnumeration.h" />
    <ClInclude Include="sourceCode\Structures\UnrealNetworkConfigurations.h" />
    <ClInclude Include="sourceCode\Structures\UnrealDataTypesEmulator.h" />
    <ClInclude Include="sourceCode\UnrealNetwork\UnrealDataServer.h" />
    <ClInclude Include="sourceCode\NetworkPackets\UnrealDataPackets.h" />
    <ClInclude Include="sourceCode\NetworkUtilities\NetworkPacketUtils.h" />
    <ClInclude Include="sourceCode\Enumerations\UnrealDataPacketTypes.h" />
    <ClInclude Include="sourceCode\UnrealNetwork\Clients\UnrealClientBase.h" />
    <ClInclude Include="sourceCode\UnrealNetwork\Clients\EgoVehicleClient.h" />
    <ClInclude Include="sourceCode\UnrealNetwork\Clients\HQClient.h" />
    <ClInclude Include="sourceCode\UnrealNetwork\Clients\MotionCaptureClient.h" />
    <ClInclude Include="sourceCode\UnrealNetwork\Clients\ObserverClient.h" />
    <ClInclude Include="sourceCode\UnrealNetwork\Clients\PedestrianClient.h" />
    <ClInclude Include="sourceCode\UnrealNetwork\UnrealCommandServer.h" />
    <ClInclude Include="sourceCode\NetworkPackets\UnrealCommandPackets.h" />
    <ClInclude Include="sourceCode\Enumerations\UnrealCommandPacketType.h" />
    <ClInclude Include="sourceCode\External\pfr_non_boost-master\pfr\detail\cast_to_layout_compatible.hpp" />
    <ClInclude Include="sourceCode\External\pfr_non_boost-master\pfr\detail\config.hpp" />
    <ClInclude Include="sourceCode\External\pfr_non_boost-master\pfr\detail\core.hpp" />
    <ClInclude Include="sourceCode\External\pfr_non_boost-master\pfr\detail\core14_classic.hpp" />
    <ClInclude Include="sourceCode\External\pfr_non_boost-master\pfr\detail\core14_loophole.hpp" />
    <ClInclude Include="sourceCode\External\pfr_non_boost-master\pfr\detail\core17.hpp" />
    <ClInclude Include="sourceCode\External\pfr_non_boost-master\pfr\detail\core17_generated.hpp" />
    <ClInclude Include="sourceCode\External\pfr_non_boost-master\pfr\detail\detectors.hpp" />
    <ClInclude Include="sourceCode\External\pfr_non_boost-master\pfr\detail\fields_count.hpp" />
    <ClInclude Include="sourceCode\External\pfr_non_boost-master\pfr\detail\for_each_field_impl.hpp" />
    <ClInclude Include="sourceCode\External\pfr_non_boost-master\pfr\detail\functional.hpp" />
    <ClInclude Include="sourceCode\External\pfr_non_boost-master\pfr\detail\io.hpp" />
    <ClInclude Include="sourceCode\External\pfr_non_boost-master\pfr\detail\make_flat_tuple_of_references.hpp" />
    <ClInclude Include="sourceCode\External\pfr_non_boost-master\pfr\detail\make_integer_sequence.hpp" />
    <ClInclude Include="sourceCode\External\pfr_non_boost-master\pfr\detail\offset_based_getter.hpp" />
    <ClInclude Include="sourceCode\External\pfr_non_boost-master\pfr\detail\rvalue_t.hpp" />
    <ClInclude Include="sourceCode\External\pfr_non_boost-master\pfr\detail\sequence_tuple.hpp" />
    <ClInclude Include="sourceCode\External\pfr_non_boost-master\pfr\detail\size_array.hpp" />
    <ClInclude Include="sourceCode\External\pfr_non_boost-master\pfr\detail\size_t_.hpp" />
    <ClInclude Include="sourceCode\External\pfr_non_boost-master\pfr\detail\stdtuple.hpp" />
    <ClInclude Include="sourceCode\External\pfr_non_boost-master\pfr\detail\tie_from_structure_tuple.hpp" />
    <ClInclude Include="sourceCode\External\pfr_non_boost-master\pfr\detail\unsafe_declval.hpp" />
    <ClInclude Include="sourceCode\External\pfr_non_boost-master\pfr\core.hpp" />
    <ClInclude Include="sourceCode\External\pfr_non_boost-master\pfr\functions_for.hpp" />
    <ClInclude Include="sourceCode\External\pfr_non_boost-master\pfr\functors.hpp" />
    <ClInclude Include="sourceCode\External\pfr_non_boost-master\pfr\io.hpp" />
    <ClInclude Include="sourceCode\External\pfr_non_boost-master\pfr\io_fields.hpp" />
    <ClInclude Include="sourceCode\External\pfr_non_boost-master\pfr\ops.hpp" />
    <ClInclude Include="sourceCode\External\pfr_non_boost-master\pfr\ops_fields.hpp" />
    <ClInclude Include="sourceCode\External\pfr_non_boost-master\pfr\tuple_size.hpp" />
    <ClInclude Include="sourceCode\External\pfr_non_boost-master\pfr.hpp" />
    <ClInclude Include="sourceCode\UnrealNetwork\Clients\OpenScenarioClient.h" />
    <ClInclude Include="sourceCode\UnrealNetwork\Clients\VRClient.h" />
    <ClInclude Include="sourceCode\External\nlohmann\thirdparty\hedley\hedley.hpp" />
    <ClInclude Include="sourceCode\External\nlohmann\thirdparty\hedley\hedley_undef.hpp" />
    <ClInclude Include="sourceCode\External\nlohmann\adl_serializer.hpp" />
    <ClInclude Include="sourceCode\External\nlohmann\byte_container_with_subtype.hpp" />
    <ClInclude Include="sourceCode\External\nlohmann\json.hpp" />
    <ClInclude Include="sourceCode\External\nlohmann\json_fwd.hpp" />
    <ClInclude Include="sourceCode\External\nlohmann\ordered_map.hpp" />
    <ClInclude Include="sourceCode\External\spdlog\details\backtracer.h" />
    <ClInclude Include="sourceCode\External\spdlog\details\backtracer-inl.h" />
    <ClInclude Include="sourceCode\External\spdlog\details\circular_q.h" />
    <ClInclude Include="sourceCode\External\spdlog\details\console_globals.h" />
    <ClInclude Include="sourceCode\External\spdlog\details\file_helper.h" />
    <ClInclude Include="sourceCode\External\spdlog\details\file_helper-inl.h" />
    <ClInclude Include="sourceCode\External\spdlog\details\fmt_helper.h" />
    <ClInclude Include="sourceCode\External\spdlog\details\log_msg.h" />
    <ClInclude Include="sourceCode\External\spdlog\details\log_msg_buffer.h" />
    <ClInclude Include="sourceCode\External\spdlog\details\log_msg_buffer-inl.h" />
    <ClInclude Include="sourceCode\External\spdlog\details\log_msg-inl.h" />
    <ClInclude Include="sourceCode\External\spdlog\details\mpmc_blocking_q.h" />
    <ClInclude Include="sourceCode\External\spdlog\details\null_mutex.h" />
    <ClInclude Include="sourceCode\External\spdlog\details\os.h" />
    <ClInclude Include="sourceCode\External\spdlog\details\os-inl.h" />
    <ClInclude Include="sourceCode\External\spdlog\details\periodic_worker.h" />
    <ClInclude Include="sourceCode\External\spdlog\details\periodic_worker-inl.h" />
    <ClInclude Include="sourceCode\External\spdlog\details\registry.h" />
    <ClInclude Include="sourceCode\External\spdlog\details\registry-inl.h" />
    <ClInclude Include="sourceCode\External\spdlog\details\synchronous_factory.h" />
    <ClInclude Include="sourceCode\External\spdlog\details\tcp_client.h" />
    <ClInclude Include="sourceCode\External\spdlog\details\tcp_client-windows.h" />
    <ClInclude Include="sourceCode\External\spdlog\details\thread_pool.h" />
    <ClInclude Include="sourceCode\External\spdlog\details\thread_pool-inl.h" />
    <ClInclude Include="sourceCode\External\spdlog\details\windows_include.h" />
    <ClInclude Include="sourceCode\External\nlohmann\detail\exceptions.hpp" />
    <ClInclude Include="sourceCode\External\nlohmann\detail\hash.hpp" />
    <ClInclude Include="sourceCode\External\nlohmann\detail\json_pointer.hpp" />
    <ClInclude Include="sourceCode\External\nlohmann\detail\json_ref.hpp" />
    <ClInclude Include="sourceCode\External\nlohmann\detail\macro_scope.hpp" />
    <ClInclude Include="sourceCode\External\nlohmann\detail\macro_unscope.hpp" />
    <ClInclude Include="sourceCode\External\nlohmann\detail\string_escape.hpp" />
    <ClInclude Include="sourceCode\External\nlohmann\detail\value_t.hpp" />
    <ClInclude Include="sourceCode\External\nlohmann\detail\output\serializer.hpp" />
    <ClInclude Include="sourceCode\External\nlohmann\detail\output\output_adapters.hpp" />
    <ClInclude Include="sourceCode\External\nlohmann\detail\output\binary_writer.hpp" />
    <ClInclude Include="sourceCode\External\nlohmann\detail\meta\void_t.hpp" />
    <ClInclude Include="sourceCode\External\nlohmann\detail\meta\type_traits.hpp" />
    <ClInclude Include="sourceCode\External\nlohmann\detail\meta\is_sax.hpp" />
    <ClInclude Include="sourceCode\External\nlohmann\detail\meta\identity_tag.hpp" />
    <ClInclude Include="sourceCode\External\nlohmann\detail\meta\detected.hpp" />
    <ClInclude Include="sourceCode\External\nlohmann\detail\meta\cpp_future.hpp" />
    <ClInclude Include="sourceCode\External\nlohmann\detail\iterators\primitive_iterator.hpp" />
    <ClInclude Include="sourceCode\External\nlohmann\detail\iterators\json_reverse_iterator.hpp" />
    <ClInclude Include="sourceCode\External\nlohmann\detail\iterators\iterator_traits.hpp" />
    <ClInclude Include="sourceCode\External\nlohmann\detail\iterators\iteration_proxy.hpp" />
    <ClInclude Include="sourceCode\External\nlohmann\detail\iterators\iter_impl.hpp" />
    <ClInclude Include="sourceCode\External\nlohmann\detail\iterators\internal_iterator.hpp" />
    <ClInclude Include="sourceCode\External\nlohmann\detail\conversions\from_json.hpp" />
    <ClInclude Include="sourceCode\External\nlohmann\detail\conversions\to_chars.hpp" />
    <ClInclude Include="sourceCode\External\nlohmann\detail\conversions\to_json.hpp" />
    <ClInclude Include="sourceCode\External\nlohmann\detail\input\binary_reader.hpp" />
    <ClInclude Include="sourceCode\External\nlohmann\detail\input\input_adapters.hpp" />
    <ClInclude Include="sourceCode\External\nlohmann\detail\input\json_sax.hpp" />
    <ClInclude Include="sourceCode\External\nlohmann\detail\input\lexer.hpp" />
    <ClInclude Include="sourceCode\External\nlohmann\detail\input\parser.hpp" />
    <ClInclude Include="sourceCode\External\nlohmann\detail\input\position_t.hpp" />
  </ItemGroup>
  <ItemGroup>
    <ClCompile Include="sourceCode\cim_pch.cpp" />
    <ClCompile Include="sourceCode\EntryPoint.cpp" />
    <ClCompile Include="sourceCode\Logging\log.cpp" />
    <ClCompile Include="sourceCode\Logging\Timer.cpp" />
    <ClCompile Include="sourceCode\ServerInstance.cpp" />
    <ClCompile Include="sourceCode\ConfigParser\ConfigurationLoader.cpp" />
    <ClCompile Include="sourceCode\NetworkUtilities\NetworkPacketUtils.cpp" />
    <ClCompile Include="sourceCode\UnrealNetwork\UnrealDataServer.cpp" />
    <ClCompile Include="sourceCode\UnrealNetwork\Clients\UnrealClientBase.cpp" />
    <ClCompile Include="sourceCode\UnrealNetwork\Clients\EgoVehicleClient.cpp" />
    <ClCompile Include="sourceCode\UnrealNetwork\Clients\HQClient.cpp" />
    <ClCompile Include="sourceCode\UnrealNetwork\Clients\MotionCaptureClient.cpp" />
    <ClCompile Include="sourceCode\UnrealNetwork\Clients\ObserverClient.cpp" />
    <ClCompile Include="sourceCode\UnrealNetwork\Clients\PedestrianClient.cpp" />
    <ClCompile Include="sourceCode\UnrealNetwork\UnrealCommandServer.cpp" />
    <ClCompile Include="sourceCode\UnrealNetwork\Clients\OpenScenarioClient.cpp" />
    <ClCompile Include="sourceCode\UnrealNetwork\Clients\VRClient.cpp" />
  </ItemGroup>
  <ItemGroup>
    <Text Include="sourceCode\External\pfr_non_boost-master\LICENSE_1_0.txt" />
  </ItemGroup>
  <ItemGroup>
    <None Include="sourceCode\External\pfr_non_boost-master\README.md" />
  </ItemGroup>
</Project>